Microsoft Visual Studio Solution File, Format Version 8.00
Project("{8BC9CEB8-8B4A-11D0-8D11-00A0C91BC942}") = "codesymbols", "codesymbols.vcproj", "{DA7990D9-5B08-4426-9D57-C9A5F41D70AB}"
	ProjectSection(ProjectDependencies) = postProject
	EndProjectSection
EndProject
Global
	GlobalSection(SolutionConfiguration) = preSolution
		Debug = Debug
		Release = Release
	EndGlobalSection
	GlobalSection(ProjectConfiguration) = postSolution
		{DA7990D9-5B08-4426-9D57-C9A5F41D70AB}.Debug.ActiveCfg = Debug|Win32
		{DA7990D9-5B08-4426-9D57-C9A5F41D70AB}.Debug.Build.0 = Debug|Win32
		{DA7990D9-5B08-4426-9D57-C9A5F41D70AB}.Release.ActiveCfg = Release|Win32
		{DA7990D9-5B08-4426-9D57-C9A5F41D70AB}.Release.Build.0 = Release|Win32
	EndGlobalSection
	GlobalSection(ExtensibilityGlobals) = postSolution
	EndGlobalSection
	GlobalSection(ExtensibilityAddIns) = postSolution
	EndGlobalSection
EndGlobal
